
Microsoft Visual Studio Solution File, Format Version 12.00
# Visual Studio Version 17
VisualStudioVersion = 17.0.31903.59
MinimumVisualStudioVersion = 10.0.40219.1
Project("{2150E333-8FDC-42A3-9474-1A3956D46DE8}") = "src", "src", "{827E0CD3-B72D-47B6-A68D-7590B98EB39B}"
EndProject
Project("{FAE04EC0-301F-11D3-BF4B-00C04F79EFBC}") = "ShopService.Api", "src\API\ShopService.Api.csproj", "{7080EEAE-A0D9-4DD0-9FAD-F4F7FFFECE40}"
EndProject
Project("{FAE04EC0-301F-11D3-BF4B-00C04F79EFBC}") = "ShopService.Application", "src\Core\Application\ShopService.Application.csproj", "{B64A7EF2-F05E-44DC-92DE-60C772CB06A5}"
EndProject
Project("{FAE04EC0-301F-11D3-BF4B-00C04F79EFBC}") = "ShopService.Domain", "src\Core\Domain\ShopService.Domain.csproj", "{4EEAA8A1-0510-4883-8027-688A86C2E02F}"
EndProject
Project("{FAE04EC0-301F-11D3-BF4B-00C04F79EFBC}") = "ShopService.Infrastructure", "src\Infrastructure\ShopService.Infrastructure.csproj", "{CA37E1EE-132F-4CCA-B5D0-E8EAAB86C764}"
EndProject
Project("{FAE04EC0-301F-11D3-BF4B-00C04F79EFBC}") = "ShopService.Contracts", "src\Core\Contracts\ShopService.Contracts.csproj", "{C5FDA206-EA03-4C95-A79C-3518907C2B7D}"
EndProject
Project("{2150E333-8FDC-42A3-9474-1A3956D46DE8}") = "API", "API", "{02EA681E-C7D8-13C7-8484-4AC65E1B71E8}"
EndProject
Project("{2150E333-8FDC-42A3-9474-1A3956D46DE8}") = "Core", "Core", "{2375EF32-71A5-4035-B859-8E1B51DFCFDA}"
EndProject
Project("{2150E333-8FDC-42A3-9474-1A3956D46DE8}") = "Infrastructure", "Infrastructure", "{1F8AD4CB-6CD7-476F-99E7-2C39252B0658}"
EndProject
Project("{2150E333-8FDC-42A3-9474-1A3956D46DE8}") = "Application", "Application", "{636C06FF-E47F-414A-9B2E-F8D81B88F23B}"
EndProject
Project("{2150E333-8FDC-42A3-9474-1A3956D46DE8}") = "Domain", "Domain", "{46096976-490A-4455-9B9C-13DA24232B95}"
EndProject
Project("{2150E333-8FDC-42A3-9474-1A3956D46DE8}") = "tests", "tests", "{79AC2D64-711A-4A0A-8FBF-BFFE30E57949}"
EndProject
Global
	GlobalSection(SolutionConfigurationPlatforms) = preSolution
		Debug|Any CPU = Debug|Any CPU
		Debug|x64 = Debug|x64
		Debug|x86 = Debug|x86
		Release|Any CPU = Release|Any CPU
		Release|x64 = Release|x64
		Release|x86 = Release|x86
	EndGlobalSection
	GlobalSection(ProjectConfigurationPlatforms) = postSolution
		{7080EEAE-A0D9-4DD0-9FAD-F4F7FFFECE40}.Debug|Any CPU.ActiveCfg = Debug|Any CPU
		{7080EEAE-A0D9-4DD0-9FAD-F4F7FFFECE40}.Debug|Any CPU.Build.0 = Debug|Any CPU
		{7080EEAE-A0D9-4DD0-9FAD-F4F7FFFECE40}.Debug|x64.ActiveCfg = Debug|Any CPU
		{7080EEAE-A0D9-4DD0-9FAD-F4F7FFFECE40}.Debug|x64.Build.0 = Debug|Any CPU
		{7080EEAE-A0D9-4DD0-9FAD-F4F7FFFECE40}.Debug|x86.ActiveCfg = Debug|Any CPU
		{7080EEAE-A0D9-4DD0-9FAD-F4F7FFFECE40}.Debug|x86.Build.0 = Debug|Any CPU
		{7080EEAE-A0D9-4DD0-9FAD-F4F7FFFECE40}.Release|Any CPU.ActiveCfg = Release|Any CPU
		{7080EEAE-A0D9-4DD0-9FAD-F4F7FFFECE40}.Release|Any CPU.Build.0 = Release|Any CPU
		{7080EEAE-A0D9-4DD0-9FAD-F4F7FFFECE40}.Release|x64.ActiveCfg = Release|Any CPU
		{7080EEAE-A0D9-4DD0-9FAD-F4F7FFFECE40}.Release|x64.Build.0 = Release|Any CPU
		{7080EEAE-A0D9-4DD0-9FAD-F4F7FFFECE40}.Release|x86.ActiveCfg = Release|Any CPU
		{7080EEAE-A0D9-4DD0-9FAD-F4F7FFFECE40}.Release|x86.Build.0 = Release|Any CPU
		{B64A7EF2-F05E-44DC-92DE-60C772CB06A5}.Debug|Any CPU.ActiveCfg = Debug|Any CPU
		{B64A7EF2-F05E-44DC-92DE-60C772CB06A5}.Debug|Any CPU.Build.0 = Debug|Any CPU
		{B64A7EF2-F05E-44DC-92DE-60C772CB06A5}.Debug|x64.ActiveCfg = Debug|Any CPU
		{B64A7EF2-F05E-44DC-92DE-60C772CB06A5}.Debug|x64.Build.0 = Debug|Any CPU
		{B64A7EF2-F05E-44DC-92DE-60C772CB06A5}.Debug|x86.ActiveCfg = Debug|Any CPU
		{B64A7EF2-F05E-44DC-92DE-60C772CB06A5}.Debug|x86.Build.0 = Debug|Any CPU
		{B64A7EF2-F05E-44DC-92DE-60C772CB06A5}.Release|Any CPU.ActiveCfg = Release|Any CPU
		{B64A7EF2-F05E-44DC-92DE-60C772CB06A5}.Release|Any CPU.Build.0 = Release|Any CPU
		{B64A7EF2-F05E-44DC-92DE-60C772CB06A5}.Release|x64.ActiveCfg = Release|Any CPU
		{B64A7EF2-F05E-44DC-92DE-60C772CB06A5}.Release|x64.Build.0 = Release|Any CPU
		{B64A7EF2-F05E-44DC-92DE-60C772CB06A5}.Release|x86.ActiveCfg = Release|Any CPU
		{B64A7EF2-F05E-44DC-92DE-60C772CB06A5}.Release|x86.Build.0 = Release|Any CPU
		{4EEAA8A1-0510-4883-8027-688A86C2E02F}.Debug|Any CPU.ActiveCfg = Debug|Any CPU
		{4EEAA8A1-0510-4883-8027-688A86C2E02F}.Debug|Any CPU.Build.0 = Debug|Any CPU
		{4EEAA8A1-0510-4883-8027-688A86C2E02F}.Debug|x64.ActiveCfg = Debug|Any CPU
		{4EEAA8A1-0510-4883-8027-688A86C2E02F}.Debug|x64.Build.0 = Debug|Any CPU
		{4EEAA8A1-0510-4883-8027-688A86C2E02F}.Debug|x86.ActiveCfg = Debug|Any CPU
		{4EEAA8A1-0510-4883-8027-688A86C2E02F}.Debug|x86.Build.0 = Debug|Any CPU
		{4EEAA8A1-0510-4883-8027-688A86C2E02F}.Release|Any CPU.ActiveCfg = Release|Any CPU
		{4EEAA8A1-0510-4883-8027-688A86C2E02F}.Release|Any CPU.Build.0 = Release|Any CPU
		{4EEAA8A1-0510-4883-8027-688A86C2E02F}.Release|x64.ActiveCfg = Release|Any CPU
		{4EEAA8A1-0510-4883-8027-688A86C2E02F}.Release|x64.Build.0 = Release|Any CPU
		{4EEAA8A1-0510-4883-8027-688A86C2E02F}.Release|x86.ActiveCfg = Release|Any CPU
		{4EEAA8A1-0510-4883-8027-688A86C2E02F}.Release|x86.Build.0 = Release|Any CPU
		{CA37E1EE-132F-4CCA-B5D0-E8EAAB86C764}.Debug|Any CPU.ActiveCfg = Debug|Any CPU
		{CA37E1EE-132F-4CCA-B5D0-E8EAAB86C764}.Debug|Any CPU.Build.0 = Debug|Any CPU
		{CA37E1EE-132F-4CCA-B5D0-E8EAAB86C764}.Debug|x64.ActiveCfg = Debug|Any CPU
		{CA37E1EE-132F-4CCA-B5D0-E8EAAB86C764}.Debug|x64.Build.0 = Debug|Any CPU
		{CA37E1EE-132F-4CCA-B5D0-E8EAAB86C764}.Debug|x86.ActiveCfg = Debug|Any CPU
		{CA37E1EE-132F-4CCA-B5D0-E8EAAB86C764}.Debug|x86.Build.0 = Debug|Any CPU
		{CA37E1EE-132F-4CCA-B5D0-E8EAAB86C764}.Release|Any CPU.ActiveCfg = Release|Any CPU
		{CA37E1EE-132F-4CCA-B5D0-E8EAAB86C764}.Release|Any CPU.Build.0 = Release|Any CPU
		{CA37E1EE-132F-4CCA-B5D0-E8EAAB86C764}.Release|x64.ActiveCfg = Release|Any CPU
		{CA37E1EE-132F-4CCA-B5D0-E8EAAB86C764}.Release|x64.Build.0 = Release|Any CPU
		{CA37E1EE-132F-4CCA-B5D0-E8EAAB86C764}.Release|x86.ActiveCfg = Release|Any CPU
		{CA37E1EE-132F-4CCA-B5D0-E8EAAB86C764}.Release|x86.Build.0 = Release|Any CPU
		{C5FDA206-EA03-4C95-A79C-3518907C2B7D}.Debug|Any CPU.ActiveCfg = Debug|Any CPU
		{C5FDA206-EA03-4C95-A79C-3518907C2B7D}.Debug|Any CPU.Build.0 = Debug|Any CPU
		{C5FDA206-EA03-4C95-A79C-3518907C2B7D}.Debug|x64.ActiveCfg = Debug|Any CPU
		{C5FDA206-EA03-4C95-A79C-3518907C2B7D}.Debug|x64.Build.0 = Debug|Any CPU
		{C5FDA206-EA03-4C95-A79C-3518907C2B7D}.Debug|x86.ActiveCfg = Debug|Any CPU
		{C5FDA206-EA03-4C95-A79C-3518907C2B7D}.Debug|x86.Build.0 = Debug|Any CPU
		{C5FDA206-EA03-4C95-A79C-3518907C2B7D}.Release|Any CPU.ActiveCfg = Release|Any CPU
		{C5FDA206-EA03-4C95-A79C-3518907C2B7D}.Release|Any CPU.Build.0 = Release|Any CPU
		{C5FDA206-EA03-4C95-A79C-3518907C2B7D}.Release|x64.ActiveCfg = Release|Any CPU
		{C5FDA206-EA03-4C95-A79C-3518907C2B7D}.Release|x64.Build.0 = Release|Any CPU
		{C5FDA206-EA03-4C95-A79C-3518907C2B7D}.Release|x86.ActiveCfg = Release|Any CPU
		{C5FDA206-EA03-4C95-A79C-3518907C2B7D}.Release|x86.Build.0 = Release|Any CPU
	EndGlobalSection
	GlobalSection(SolutionProperties) = preSolution
		HideSolutionNode = FALSE
	EndGlobalSection
	GlobalSection(NestedProjects) = preSolution
		{7080EEAE-A0D9-4DD0-9FAD-F4F7FFFECE40} = {02EA681E-C7D8-13C7-8484-4AC65E1B71E8}
		{B64A7EF2-F05E-44DC-92DE-60C772CB06A5} = {636C06FF-E47F-414A-9B2E-F8D81B88F23B}
		{4EEAA8A1-0510-4883-8027-688A86C2E02F} = {46096976-490A-4455-9B9C-13DA24232B95}
		{CA37E1EE-132F-4CCA-B5D0-E8EAAB86C764} = {1F8AD4CB-6CD7-476F-99E7-2C39252B0658}
		{C5FDA206-EA03-4C95-A79C-3518907C2B7D} = {636C06FF-E47F-414A-9B2E-F8D81B88F23B}
		{02EA681E-C7D8-13C7-8484-4AC65E1B71E8} = {827E0CD3-B72D-47B6-A68D-7590B98EB39B}
		{2375EF32-71A5-4035-B859-8E1B51DFCFDA} = {827E0CD3-B72D-47B6-A68D-7590B98EB39B}
		{1F8AD4CB-6CD7-476F-99E7-2C39252B0658} = {827E0CD3-B72D-47B6-A68D-7590B98EB39B}
		{636C06FF-E47F-414A-9B2E-F8D81B88F23B} = {2375EF32-71A5-4035-B859-8E1B51DFCFDA}
		{46096976-490A-4455-9B9C-13DA24232B95} = {2375EF32-71A5-4035-B859-8E1B51DFCFDA}
	EndGlobalSection
	GlobalSection(ExtensibilityGlobals) = postSolution
		SolutionGuid = {C3880D01-E34B-4BC9-8CE7-4C62023B70AA}
	EndGlobalSection
EndGlobal
