
Microsoft Visual Studio Solution File, Format Version 12.00
# Visual Studio Version 17
VisualStudioVersion = 17.0.31903.59
MinimumVisualStudioVersion = 10.0.40219.1
Project("{2150E333-8FDC-42A3-9474-1A3956D46DE8}") = "src", "src", "{827E0CD3-B72D-47B6-A68D-7590B98EB39B}"
EndProject
Project("{2150E333-8FDC-42A3-9474-1A3956D46DE8}") = "API", "API", "{81034408-37C8-1011-444E-4C15C2FADA8E}"
EndProject
Project("{FAE04EC0-301F-11D3-BF4B-00C04F79EFBC}") = "OrderService.Api", "src\API\OrderService.Api.csproj", "{76B97319-68A2-43B2-9A50-9EE0E6A5023F}"
EndProject
Project("{FAE04EC0-301F-11D3-BF4B-00C04F79EFBC}") = "OrderService.Application", "src\Core\Application\OrderService.Application.csproj", "{DE5D1356-2B60-4FF4-88D8-B696F237C03D}"
EndProject
Project("{FAE04EC0-301F-11D3-BF4B-00C04F79EFBC}") = "OrderService.Contracts", "src\Core\Contracts\OrderService.Contracts.csproj", "{797206DA-2CE8-45EF-BFEB-55E99A25F018}"
EndProject
Project("{FAE04EC0-301F-11D3-BF4B-00C04F79EFBC}") = "OrderService.Domain", "src\Core\Domain\OrderService.Domain.csproj", "{74B432CB-052B-40A3-BC4D-963B7AD52F92}"
EndProject
Project("{FAE04EC0-301F-11D3-BF4B-00C04F79EFBC}") = "OrderService.Infrastructure", "src\Infrastructure\OrderService.Infrastructure.csproj", "{F1B1D39A-4AC8-4582-813F-CD9910F42D16}"
EndProject
Project("{2150E333-8FDC-42A3-9474-1A3956D46DE8}") = "tests", "tests", "{0AB3BF05-4346-4AA6-1389-037BE0695223}"
EndProject
Project("{FAE04EC0-301F-11D3-BF4B-00C04F79EFBC}") = "OrderService.Infrastructure.Tests", "tests\OrderService.Infrastructure.Tests\OrderService.Infrastructure.Tests.csproj", "{10C64A38-C139-4B2C-A902-B0DCD645780E}"
EndProject
Project("{2150E333-8FDC-42A3-9474-1A3956D46DE8}") = "Infrastructure", "Infrastructure", "{02EA681E-C7D8-13C7-8484-4AC65E1B71E8}"
EndProject
Project("{2150E333-8FDC-42A3-9474-1A3956D46DE8}") = "Core", "Core", "{FBD7CBF3-9367-4D5A-A95B-7A2352F086C0}"
EndProject
Project("{2150E333-8FDC-42A3-9474-1A3956D46DE8}") = "Domain", "Domain", "{D4236C00-A936-4D75-8AAC-4B0C89854489}"
EndProject
Project("{2150E333-8FDC-42A3-9474-1A3956D46DE8}") = "Application", "Application", "{7CF7148A-3A9A-4AA1-A3BA-14D26D2CEAFA}"
EndProject
Global
	GlobalSection(SolutionConfigurationPlatforms) = preSolution
		Debug|Any CPU = Debug|Any CPU
		Debug|x64 = Debug|x64
		Debug|x86 = Debug|x86
		Release|Any CPU = Release|Any CPU
		Release|x64 = Release|x64
		Release|x86 = Release|x86
	EndGlobalSection
	GlobalSection(ProjectConfigurationPlatforms) = postSolution
		{76B97319-68A2-43B2-9A50-9EE0E6A5023F}.Debug|Any CPU.ActiveCfg = Debug|Any CPU
		{76B97319-68A2-43B2-9A50-9EE0E6A5023F}.Debug|Any CPU.Build.0 = Debug|Any CPU
		{76B97319-68A2-43B2-9A50-9EE0E6A5023F}.Debug|x64.ActiveCfg = Debug|Any CPU
		{76B97319-68A2-43B2-9A50-9EE0E6A5023F}.Debug|x64.Build.0 = Debug|Any CPU
		{76B97319-68A2-43B2-9A50-9EE0E6A5023F}.Debug|x86.ActiveCfg = Debug|Any CPU
		{76B97319-68A2-43B2-9A50-9EE0E6A5023F}.Debug|x86.Build.0 = Debug|Any CPU
		{76B97319-68A2-43B2-9A50-9EE0E6A5023F}.Release|Any CPU.ActiveCfg = Release|Any CPU
		{76B97319-68A2-43B2-9A50-9EE0E6A5023F}.Release|Any CPU.Build.0 = Release|Any CPU
		{76B97319-68A2-43B2-9A50-9EE0E6A5023F}.Release|x64.ActiveCfg = Release|Any CPU
		{76B97319-68A2-43B2-9A50-9EE0E6A5023F}.Release|x64.Build.0 = Release|Any CPU
		{76B97319-68A2-43B2-9A50-9EE0E6A5023F}.Release|x86.ActiveCfg = Release|Any CPU
		{76B97319-68A2-43B2-9A50-9EE0E6A5023F}.Release|x86.Build.0 = Release|Any CPU
		{DE5D1356-2B60-4FF4-88D8-B696F237C03D}.Debug|Any CPU.ActiveCfg = Debug|Any CPU
		{DE5D1356-2B60-4FF4-88D8-B696F237C03D}.Debug|Any CPU.Build.0 = Debug|Any CPU
		{DE5D1356-2B60-4FF4-88D8-B696F237C03D}.Debug|x64.ActiveCfg = Debug|Any CPU
		{DE5D1356-2B60-4FF4-88D8-B696F237C03D}.Debug|x64.Build.0 = Debug|Any CPU
		{DE5D1356-2B60-4FF4-88D8-B696F237C03D}.Debug|x86.ActiveCfg = Debug|Any CPU
		{DE5D1356-2B60-4FF4-88D8-B696F237C03D}.Debug|x86.Build.0 = Debug|Any CPU
		{DE5D1356-2B60-4FF4-88D8-B696F237C03D}.Release|Any CPU.ActiveCfg = Release|Any CPU
		{DE5D1356-2B60-4FF4-88D8-B696F237C03D}.Release|Any CPU.Build.0 = Release|Any CPU
		{DE5D1356-2B60-4FF4-88D8-B696F237C03D}.Release|x64.ActiveCfg = Release|Any CPU
		{DE5D1356-2B60-4FF4-88D8-B696F237C03D}.Release|x64.Build.0 = Release|Any CPU
		{DE5D1356-2B60-4FF4-88D8-B696F237C03D}.Release|x86.ActiveCfg = Release|Any CPU
		{DE5D1356-2B60-4FF4-88D8-B696F237C03D}.Release|x86.Build.0 = Release|Any CPU
		{797206DA-2CE8-45EF-BFEB-55E99A25F018}.Debug|Any CPU.ActiveCfg = Debug|Any CPU
		{797206DA-2CE8-45EF-BFEB-55E99A25F018}.Debug|Any CPU.Build.0 = Debug|Any CPU
		{797206DA-2CE8-45EF-BFEB-55E99A25F018}.Debug|x64.ActiveCfg = Debug|Any CPU
		{797206DA-2CE8-45EF-BFEB-55E99A25F018}.Debug|x64.Build.0 = Debug|Any CPU
		{797206DA-2CE8-45EF-BFEB-55E99A25F018}.Debug|x86.ActiveCfg = Debug|Any CPU
		{797206DA-2CE8-45EF-BFEB-55E99A25F018}.Debug|x86.Build.0 = Debug|Any CPU
		{797206DA-2CE8-45EF-BFEB-55E99A25F018}.Release|Any CPU.ActiveCfg = Release|Any CPU
		{797206DA-2CE8-45EF-BFEB-55E99A25F018}.Release|Any CPU.Build.0 = Release|Any CPU
		{797206DA-2CE8-45EF-BFEB-55E99A25F018}.Release|x64.ActiveCfg = Release|Any CPU
		{797206DA-2CE8-45EF-BFEB-55E99A25F018}.Release|x64.Build.0 = Release|Any CPU
		{797206DA-2CE8-45EF-BFEB-55E99A25F018}.Release|x86.ActiveCfg = Release|Any CPU
		{797206DA-2CE8-45EF-BFEB-55E99A25F018}.Release|x86.Build.0 = Release|Any CPU
		{74B432CB-052B-40A3-BC4D-963B7AD52F92}.Debug|Any CPU.ActiveCfg = Debug|Any CPU
		{74B432CB-052B-40A3-BC4D-963B7AD52F92}.Debug|Any CPU.Build.0 = Debug|Any CPU
		{74B432CB-052B-40A3-BC4D-963B7AD52F92}.Debug|x64.ActiveCfg = Debug|Any CPU
		{74B432CB-052B-40A3-BC4D-963B7AD52F92}.Debug|x64.Build.0 = Debug|Any CPU
		{74B432CB-052B-40A3-BC4D-963B7AD52F92}.Debug|x86.ActiveCfg = Debug|Any CPU
		{74B432CB-052B-40A3-BC4D-963B7AD52F92}.Debug|x86.Build.0 = Debug|Any CPU
		{74B432CB-052B-40A3-BC4D-963B7AD52F92}.Release|Any CPU.ActiveCfg = Release|Any CPU
		{74B432CB-052B-40A3-BC4D-963B7AD52F92}.Release|Any CPU.Build.0 = Release|Any CPU
		{74B432CB-052B-40A3-BC4D-963B7AD52F92}.Release|x64.ActiveCfg = Release|Any CPU
		{74B432CB-052B-40A3-BC4D-963B7AD52F92}.Release|x64.Build.0 = Release|Any CPU
		{74B432CB-052B-40A3-BC4D-963B7AD52F92}.Release|x86.ActiveCfg = Release|Any CPU
		{74B432CB-052B-40A3-BC4D-963B7AD52F92}.Release|x86.Build.0 = Release|Any CPU
		{F1B1D39A-4AC8-4582-813F-CD9910F42D16}.Debug|Any CPU.ActiveCfg = Debug|Any CPU
		{F1B1D39A-4AC8-4582-813F-CD9910F42D16}.Debug|Any CPU.Build.0 = Debug|Any CPU
		{F1B1D39A-4AC8-4582-813F-CD9910F42D16}.Debug|x64.ActiveCfg = Debug|Any CPU
		{F1B1D39A-4AC8-4582-813F-CD9910F42D16}.Debug|x64.Build.0 = Debug|Any CPU
		{F1B1D39A-4AC8-4582-813F-CD9910F42D16}.Debug|x86.ActiveCfg = Debug|Any CPU
		{F1B1D39A-4AC8-4582-813F-CD9910F42D16}.Debug|x86.Build.0 = Debug|Any CPU
		{F1B1D39A-4AC8-4582-813F-CD9910F42D16}.Release|Any CPU.ActiveCfg = Release|Any CPU
		{F1B1D39A-4AC8-4582-813F-CD9910F42D16}.Release|Any CPU.Build.0 = Release|Any CPU
		{F1B1D39A-4AC8-4582-813F-CD9910F42D16}.Release|x64.ActiveCfg = Release|Any CPU
		{F1B1D39A-4AC8-4582-813F-CD9910F42D16}.Release|x64.Build.0 = Release|Any CPU
		{F1B1D39A-4AC8-4582-813F-CD9910F42D16}.Release|x86.ActiveCfg = Release|Any CPU
		{F1B1D39A-4AC8-4582-813F-CD9910F42D16}.Release|x86.Build.0 = Release|Any CPU
		{10C64A38-C139-4B2C-A902-B0DCD645780E}.Debug|Any CPU.ActiveCfg = Debug|Any CPU
		{10C64A38-C139-4B2C-A902-B0DCD645780E}.Debug|Any CPU.Build.0 = Debug|Any CPU
		{10C64A38-C139-4B2C-A902-B0DCD645780E}.Debug|x64.ActiveCfg = Debug|Any CPU
		{10C64A38-C139-4B2C-A902-B0DCD645780E}.Debug|x64.Build.0 = Debug|Any CPU
		{10C64A38-C139-4B2C-A902-B0DCD645780E}.Debug|x86.ActiveCfg = Debug|Any CPU
		{10C64A38-C139-4B2C-A902-B0DCD645780E}.Debug|x86.Build.0 = Debug|Any CPU
		{10C64A38-C139-4B2C-A902-B0DCD645780E}.Release|Any CPU.ActiveCfg = Release|Any CPU
		{10C64A38-C139-4B2C-A902-B0DCD645780E}.Release|Any CPU.Build.0 = Release|Any CPU
		{10C64A38-C139-4B2C-A902-B0DCD645780E}.Release|x64.ActiveCfg = Release|Any CPU
		{10C64A38-C139-4B2C-A902-B0DCD645780E}.Release|x64.Build.0 = Release|Any CPU
		{10C64A38-C139-4B2C-A902-B0DCD645780E}.Release|x86.ActiveCfg = Release|Any CPU
		{10C64A38-C139-4B2C-A902-B0DCD645780E}.Release|x86.Build.0 = Release|Any CPU
	EndGlobalSection
	GlobalSection(SolutionProperties) = preSolution
		HideSolutionNode = FALSE
	EndGlobalSection
	GlobalSection(NestedProjects) = preSolution
		{81034408-37C8-1011-444E-4C15C2FADA8E} = {827E0CD3-B72D-47B6-A68D-7590B98EB39B}
		{76B97319-68A2-43B2-9A50-9EE0E6A5023F} = {81034408-37C8-1011-444E-4C15C2FADA8E}
		{DE5D1356-2B60-4FF4-88D8-B696F237C03D} = {7CF7148A-3A9A-4AA1-A3BA-14D26D2CEAFA}
		{797206DA-2CE8-45EF-BFEB-55E99A25F018} = {7CF7148A-3A9A-4AA1-A3BA-14D26D2CEAFA}
		{74B432CB-052B-40A3-BC4D-963B7AD52F92} = {D4236C00-A936-4D75-8AAC-4B0C89854489}
		{F1B1D39A-4AC8-4582-813F-CD9910F42D16} = {02EA681E-C7D8-13C7-8484-4AC65E1B71E8}
		{10C64A38-C139-4B2C-A902-B0DCD645780E} = {0AB3BF05-4346-4AA6-1389-037BE0695223}
		{02EA681E-C7D8-13C7-8484-4AC65E1B71E8} = {827E0CD3-B72D-47B6-A68D-7590B98EB39B}
		{FBD7CBF3-9367-4D5A-A95B-7A2352F086C0} = {827E0CD3-B72D-47B6-A68D-7590B98EB39B}
		{D4236C00-A936-4D75-8AAC-4B0C89854489} = {FBD7CBF3-9367-4D5A-A95B-7A2352F086C0}
		{7CF7148A-3A9A-4AA1-A3BA-14D26D2CEAFA} = {FBD7CBF3-9367-4D5A-A95B-7A2352F086C0}
	EndGlobalSection
EndGlobal
