
Microsoft Visual Studio Solution File, Format Version 12.00
# Visual Studio Version 17
VisualStudioVersion = 17.0.31903.59
MinimumVisualStudioVersion = 10.0.40219.1
Project("{2150E333-8FDC-42A3-9474-1A3956D46DE8}") = "src", "src", "{827E0CD3-B72D-47B6-A68D-7590B98EB39B}"
EndProject
Project("{2150E333-8FDC-42A3-9474-1A3956D46DE8}") = "API", "API", "{81034408-37C8-1011-444E-4C15C2FADA8E}"
EndProject
Project("{FAE04EC0-301F-11D3-BF4B-00C04F79EFBC}") = "UserService.Api", "src\API\UserService.Api.csproj", "{CDBA92C3-701A-4439-BE9E-CAD5EEAD8223}"
EndProject
Project("{FAE04EC0-301F-11D3-BF4B-00C04F79EFBC}") = "UserService.Application", "src\Core\Application\UserService.Application.csproj", "{A47DEE57-846F-4F03-A3FB-36F287FAA776}"
EndProject
Project("{FAE04EC0-301F-11D3-BF4B-00C04F79EFBC}") = "UserService.Contracts", "src\Core\Contracts\UserService.Contracts.csproj", "{830AF905-32EB-4213-9B60-EDF335BDE729}"
EndProject
Project("{FAE04EC0-301F-11D3-BF4B-00C04F79EFBC}") = "UserService.Domain", "src\Core\Domain\UserService.Domain.csproj", "{B1B68869-C0F2-49D1-B0BA-0AC9160792F7}"
EndProject
Project("{FAE04EC0-301F-11D3-BF4B-00C04F79EFBC}") = "UserService.Infrastructure", "src\Infrastructure\UserService.Infrastructure.csproj", "{F79E4A97-1600-4571-B6D8-9AED1F38F3AD}"
EndProject
Global
	GlobalSection(SolutionConfigurationPlatforms) = preSolution
		Debug|Any CPU = Debug|Any CPU
		Debug|x64 = Debug|x64
		Debug|x86 = Debug|x86
		Release|Any CPU = Release|Any CPU
		Release|x64 = Release|x64
		Release|x86 = Release|x86
	EndGlobalSection
	GlobalSection(ProjectConfigurationPlatforms) = postSolution
		{CDBA92C3-701A-4439-BE9E-CAD5EEAD8223}.Debug|Any CPU.ActiveCfg = Debug|Any CPU
		{CDBA92C3-701A-4439-BE9E-CAD5EEAD8223}.Debug|Any CPU.Build.0 = Debug|Any CPU
		{CDBA92C3-701A-4439-BE9E-CAD5EEAD8223}.Debug|x64.ActiveCfg = Debug|Any CPU
		{CDBA92C3-701A-4439-BE9E-CAD5EEAD8223}.Debug|x64.Build.0 = Debug|Any CPU
		{CDBA92C3-701A-4439-BE9E-CAD5EEAD8223}.Debug|x86.ActiveCfg = Debug|Any CPU
		{CDBA92C3-701A-4439-BE9E-CAD5EEAD8223}.Debug|x86.Build.0 = Debug|Any CPU
		{CDBA92C3-701A-4439-BE9E-CAD5EEAD8223}.Release|Any CPU.ActiveCfg = Release|Any CPU
		{CDBA92C3-701A-4439-BE9E-CAD5EEAD8223}.Release|Any CPU.Build.0 = Release|Any CPU
		{CDBA92C3-701A-4439-BE9E-CAD5EEAD8223}.Release|x64.ActiveCfg = Release|Any CPU
		{CDBA92C3-701A-4439-BE9E-CAD5EEAD8223}.Release|x64.Build.0 = Release|Any CPU
		{CDBA92C3-701A-4439-BE9E-CAD5EEAD8223}.Release|x86.ActiveCfg = Release|Any CPU
		{CDBA92C3-701A-4439-BE9E-CAD5EEAD8223}.Release|x86.Build.0 = Release|Any CPU
		{A47DEE57-846F-4F03-A3FB-36F287FAA776}.Debug|Any CPU.ActiveCfg = Debug|Any CPU
		{A47DEE57-846F-4F03-A3FB-36F287FAA776}.Debug|Any CPU.Build.0 = Debug|Any CPU
		{A47DEE57-846F-4F03-A3FB-36F287FAA776}.Debug|x64.ActiveCfg = Debug|Any CPU
		{A47DEE57-846F-4F03-A3FB-36F287FAA776}.Debug|x64.Build.0 = Debug|Any CPU
		{A47DEE57-846F-4F03-A3FB-36F287FAA776}.Debug|x86.ActiveCfg = Debug|Any CPU
		{A47DEE57-846F-4F03-A3FB-36F287FAA776}.Debug|x86.Build.0 = Debug|Any CPU
		{A47DEE57-846F-4F03-A3FB-36F287FAA776}.Release|Any CPU.ActiveCfg = Release|Any CPU
		{A47DEE57-846F-4F03-A3FB-36F287FAA776}.Release|Any CPU.Build.0 = Release|Any CPU
		{A47DEE57-846F-4F03-A3FB-36F287FAA776}.Release|x64.ActiveCfg = Release|Any CPU
		{A47DEE57-846F-4F03-A3FB-36F287FAA776}.Release|x64.Build.0 = Release|Any CPU
		{A47DEE57-846F-4F03-A3FB-36F287FAA776}.Release|x86.ActiveCfg = Release|Any CPU
		{A47DEE57-846F-4F03-A3FB-36F287FAA776}.Release|x86.Build.0 = Release|Any CPU
		{830AF905-32EB-4213-9B60-EDF335BDE729}.Debug|Any CPU.ActiveCfg = Debug|Any CPU
		{830AF905-32EB-4213-9B60-EDF335BDE729}.Debug|Any CPU.Build.0 = Debug|Any CPU
		{830AF905-32EB-4213-9B60-EDF335BDE729}.Debug|x64.ActiveCfg = Debug|Any CPU
		{830AF905-32EB-4213-9B60-EDF335BDE729}.Debug|x64.Build.0 = Debug|Any CPU
		{830AF905-32EB-4213-9B60-EDF335BDE729}.Debug|x86.ActiveCfg = Debug|Any CPU
		{830AF905-32EB-4213-9B60-EDF335BDE729}.Debug|x86.Build.0 = Debug|Any CPU
		{830AF905-32EB-4213-9B60-EDF335BDE729}.Release|Any CPU.ActiveCfg = Release|Any CPU
		{830AF905-32EB-4213-9B60-EDF335BDE729}.Release|Any CPU.Build.0 = Release|Any CPU
		{830AF905-32EB-4213-9B60-EDF335BDE729}.Release|x64.ActiveCfg = Release|Any CPU
		{830AF905-32EB-4213-9B60-EDF335BDE729}.Release|x64.Build.0 = Release|Any CPU
		{830AF905-32EB-4213-9B60-EDF335BDE729}.Release|x86.ActiveCfg = Release|Any CPU
		{830AF905-32EB-4213-9B60-EDF335BDE729}.Release|x86.Build.0 = Release|Any CPU
		{B1B68869-C0F2-49D1-B0BA-0AC9160792F7}.Debug|Any CPU.ActiveCfg = Debug|Any CPU
		{B1B68869-C0F2-49D1-B0BA-0AC9160792F7}.Debug|Any CPU.Build.0 = Debug|Any CPU
		{B1B68869-C0F2-49D1-B0BA-0AC9160792F7}.Debug|x64.ActiveCfg = Debug|Any CPU
		{B1B68869-C0F2-49D1-B0BA-0AC9160792F7}.Debug|x64.Build.0 = Debug|Any CPU
		{B1B68869-C0F2-49D1-B0BA-0AC9160792F7}.Debug|x86.ActiveCfg = Debug|Any CPU
		{B1B68869-C0F2-49D1-B0BA-0AC9160792F7}.Debug|x86.Build.0 = Debug|Any CPU
		{B1B68869-C0F2-49D1-B0BA-0AC9160792F7}.Release|Any CPU.ActiveCfg = Release|Any CPU
		{B1B68869-C0F2-49D1-B0BA-0AC9160792F7}.Release|Any CPU.Build.0 = Release|Any CPU
		{B1B68869-C0F2-49D1-B0BA-0AC9160792F7}.Release|x64.ActiveCfg = Release|Any CPU
		{B1B68869-C0F2-49D1-B0BA-0AC9160792F7}.Release|x64.Build.0 = Release|Any CPU
		{B1B68869-C0F2-49D1-B0BA-0AC9160792F7}.Release|x86.ActiveCfg = Release|Any CPU
		{B1B68869-C0F2-49D1-B0BA-0AC9160792F7}.Release|x86.Build.0 = Release|Any CPU
		{F79E4A97-1600-4571-B6D8-9AED1F38F3AD}.Debug|Any CPU.ActiveCfg = Debug|Any CPU
		{F79E4A97-1600-4571-B6D8-9AED1F38F3AD}.Debug|Any CPU.Build.0 = Debug|Any CPU
		{F79E4A97-1600-4571-B6D8-9AED1F38F3AD}.Debug|x64.ActiveCfg = Debug|Any CPU
		{F79E4A97-1600-4571-B6D8-9AED1F38F3AD}.Debug|x64.Build.0 = Debug|Any CPU
		{F79E4A97-1600-4571-B6D8-9AED1F38F3AD}.Debug|x86.ActiveCfg = Debug|Any CPU
		{F79E4A97-1600-4571-B6D8-9AED1F38F3AD}.Debug|x86.Build.0 = Debug|Any CPU
		{F79E4A97-1600-4571-B6D8-9AED1F38F3AD}.Release|Any CPU.ActiveCfg = Release|Any CPU
		{F79E4A97-1600-4571-B6D8-9AED1F38F3AD}.Release|Any CPU.Build.0 = Release|Any CPU
		{F79E4A97-1600-4571-B6D8-9AED1F38F3AD}.Release|x64.ActiveCfg = Release|Any CPU
		{F79E4A97-1600-4571-B6D8-9AED1F38F3AD}.Release|x64.Build.0 = Release|Any CPU
		{F79E4A97-1600-4571-B6D8-9AED1F38F3AD}.Release|x86.ActiveCfg = Release|Any CPU
		{F79E4A97-1600-4571-B6D8-9AED1F38F3AD}.Release|x86.Build.0 = Release|Any CPU
	EndGlobalSection
	GlobalSection(SolutionProperties) = preSolution
		HideSolutionNode = FALSE
	EndGlobalSection
	GlobalSection(NestedProjects) = preSolution
		{81034408-37C8-1011-444E-4C15C2FADA8E} = {827E0CD3-B72D-47B6-A68D-7590B98EB39B}
		{CDBA92C3-701A-4439-BE9E-CAD5EEAD8223} = {81034408-37C8-1011-444E-4C15C2FADA8E}
		{A47DEE57-846F-4F03-A3FB-36F287FAA776} = {81034408-37C8-1011-444E-4C15C2FADA8E}
		{830AF905-32EB-4213-9B60-EDF335BDE729} = {81034408-37C8-1011-444E-4C15C2FADA8E}
		{B1B68869-C0F2-49D1-B0BA-0AC9160792F7} = {81034408-37C8-1011-444E-4C15C2FADA8E}
		{F79E4A97-1600-4571-B6D8-9AED1F38F3AD} = {81034408-37C8-1011-444E-4C15C2FADA8E}
	EndGlobalSection
EndGlobal
