
Microsoft Visual Studio Solution File, Format Version 12.00
# Visual Studio Version 17
VisualStudioVersion = 17.0.31903.59
MinimumVisualStudioVersion = 10.0.40219.1
Project("{2150E333-8FDC-42A3-9474-1A3956D46DE8}") = "src", "src", "{827E0CD3-B72D-47B6-A68D-7590B98EB39B}"
EndProject
Project("{2150E333-8FDC-42A3-9474-1A3956D46DE8}") = "API", "API", "{81034408-37C8-1011-444E-4C15C2FADA8E}"
EndProject
Project("{FAE04EC0-301F-11D3-BF4B-00C04F79EFBC}") = "AuthService.Api", "src\API\AuthService.Api.csproj", "{48B2E3F9-967B-4451-968A-634A9FA19CAD}"
EndProject
Project("{FAE04EC0-301F-11D3-BF4B-00C04F79EFBC}") = "AuthService.Application", "src\Core\Application\AuthService.Application.csproj", "{6493D558-ED9D-4905-9BE8-48B59E772E6E}"
EndProject
Project("{FAE04EC0-301F-11D3-BF4B-00C04F79EFBC}") = "AuthService.Contracts", "src\Core\Contracts\AuthService.Contracts.csproj", "{ABFC216C-102B-4249-B58E-DA6E5860AF30}"
EndProject
Project("{FAE04EC0-301F-11D3-BF4B-00C04F79EFBC}") = "AuthService.Domain", "src\Core\Domain\AuthService.Domain.csproj", "{966B20A2-4F09-4FDB-A0E1-FBCBE7B5E44D}"
EndProject
Project("{FAE04EC0-301F-11D3-BF4B-00C04F79EFBC}") = "AuthService.Infrastructure", "src\Infrastructure\AuthService.Infrastructure.csproj", "{63DD9441-1A2E-437B-988B-BD8BA9D4000F}"
EndProject
Project("{2150E333-8FDC-42A3-9474-1A3956D46DE8}") = "Infrastructure", "Infrastructure", "{02EA681E-C7D8-13C7-8484-4AC65E1B71E8}"
EndProject
Project("{2150E333-8FDC-42A3-9474-1A3956D46DE8}") = "Core", "Core", "{4E0DEB99-965C-4136-A2A6-E56D9C78B849}"
EndProject
Project("{2150E333-8FDC-42A3-9474-1A3956D46DE8}") = "Application", "Application", "{1923812F-9768-4CB9-997E-2F1C73765D84}"
EndProject
Project("{2150E333-8FDC-42A3-9474-1A3956D46DE8}") = "Domain", "Domain", "{0BDAE0D9-556E-4261-A237-F35A22B1AC2E}"
EndProject
Global
	GlobalSection(SolutionConfigurationPlatforms) = preSolution
		Debug|Any CPU = Debug|Any CPU
		Debug|x64 = Debug|x64
		Debug|x86 = Debug|x86
		Release|Any CPU = Release|Any CPU
		Release|x64 = Release|x64
		Release|x86 = Release|x86
	EndGlobalSection
	GlobalSection(ProjectConfigurationPlatforms) = postSolution
		{48B2E3F9-967B-4451-968A-634A9FA19CAD}.Debug|Any CPU.ActiveCfg = Debug|Any CPU
		{48B2E3F9-967B-4451-968A-634A9FA19CAD}.Debug|Any CPU.Build.0 = Debug|Any CPU
		{48B2E3F9-967B-4451-968A-634A9FA19CAD}.Debug|x64.ActiveCfg = Debug|Any CPU
		{48B2E3F9-967B-4451-968A-634A9FA19CAD}.Debug|x64.Build.0 = Debug|Any CPU
		{48B2E3F9-967B-4451-968A-634A9FA19CAD}.Debug|x86.ActiveCfg = Debug|Any CPU
		{48B2E3F9-967B-4451-968A-634A9FA19CAD}.Debug|x86.Build.0 = Debug|Any CPU
		{48B2E3F9-967B-4451-968A-634A9FA19CAD}.Release|Any CPU.ActiveCfg = Release|Any CPU
		{48B2E3F9-967B-4451-968A-634A9FA19CAD}.Release|Any CPU.Build.0 = Release|Any CPU
		{48B2E3F9-967B-4451-968A-634A9FA19CAD}.Release|x64.ActiveCfg = Release|Any CPU
		{48B2E3F9-967B-4451-968A-634A9FA19CAD}.Release|x64.Build.0 = Release|Any CPU
		{48B2E3F9-967B-4451-968A-634A9FA19CAD}.Release|x86.ActiveCfg = Release|Any CPU
		{48B2E3F9-967B-4451-968A-634A9FA19CAD}.Release|x86.Build.0 = Release|Any CPU
		{6493D558-ED9D-4905-9BE8-48B59E772E6E}.Debug|Any CPU.ActiveCfg = Debug|Any CPU
		{6493D558-ED9D-4905-9BE8-48B59E772E6E}.Debug|Any CPU.Build.0 = Debug|Any CPU
		{6493D558-ED9D-4905-9BE8-48B59E772E6E}.Debug|x64.ActiveCfg = Debug|Any CPU
		{6493D558-ED9D-4905-9BE8-48B59E772E6E}.Debug|x64.Build.0 = Debug|Any CPU
		{6493D558-ED9D-4905-9BE8-48B59E772E6E}.Debug|x86.ActiveCfg = Debug|Any CPU
		{6493D558-ED9D-4905-9BE8-48B59E772E6E}.Debug|x86.Build.0 = Debug|Any CPU
		{6493D558-ED9D-4905-9BE8-48B59E772E6E}.Release|Any CPU.ActiveCfg = Release|Any CPU
		{6493D558-ED9D-4905-9BE8-48B59E772E6E}.Release|Any CPU.Build.0 = Release|Any CPU
		{6493D558-ED9D-4905-9BE8-48B59E772E6E}.Release|x64.ActiveCfg = Release|Any CPU
		{6493D558-ED9D-4905-9BE8-48B59E772E6E}.Release|x64.Build.0 = Release|Any CPU
		{6493D558-ED9D-4905-9BE8-48B59E772E6E}.Release|x86.ActiveCfg = Release|Any CPU
		{6493D558-ED9D-4905-9BE8-48B59E772E6E}.Release|x86.Build.0 = Release|Any CPU
		{ABFC216C-102B-4249-B58E-DA6E5860AF30}.Debug|Any CPU.ActiveCfg = Debug|Any CPU
		{ABFC216C-102B-4249-B58E-DA6E5860AF30}.Debug|Any CPU.Build.0 = Debug|Any CPU
		{ABFC216C-102B-4249-B58E-DA6E5860AF30}.Debug|x64.ActiveCfg = Debug|Any CPU
		{ABFC216C-102B-4249-B58E-DA6E5860AF30}.Debug|x64.Build.0 = Debug|Any CPU
		{ABFC216C-102B-4249-B58E-DA6E5860AF30}.Debug|x86.ActiveCfg = Debug|Any CPU
		{ABFC216C-102B-4249-B58E-DA6E5860AF30}.Debug|x86.Build.0 = Debug|Any CPU
		{ABFC216C-102B-4249-B58E-DA6E5860AF30}.Release|Any CPU.ActiveCfg = Release|Any CPU
		{ABFC216C-102B-4249-B58E-DA6E5860AF30}.Release|Any CPU.Build.0 = Release|Any CPU
		{ABFC216C-102B-4249-B58E-DA6E5860AF30}.Release|x64.ActiveCfg = Release|Any CPU
		{ABFC216C-102B-4249-B58E-DA6E5860AF30}.Release|x64.Build.0 = Release|Any CPU
		{ABFC216C-102B-4249-B58E-DA6E5860AF30}.Release|x86.ActiveCfg = Release|Any CPU
		{ABFC216C-102B-4249-B58E-DA6E5860AF30}.Release|x86.Build.0 = Release|Any CPU
		{966B20A2-4F09-4FDB-A0E1-FBCBE7B5E44D}.Debug|Any CPU.ActiveCfg = Debug|Any CPU
		{966B20A2-4F09-4FDB-A0E1-FBCBE7B5E44D}.Debug|Any CPU.Build.0 = Debug|Any CPU
		{966B20A2-4F09-4FDB-A0E1-FBCBE7B5E44D}.Debug|x64.ActiveCfg = Debug|Any CPU
		{966B20A2-4F09-4FDB-A0E1-FBCBE7B5E44D}.Debug|x64.Build.0 = Debug|Any CPU
		{966B20A2-4F09-4FDB-A0E1-FBCBE7B5E44D}.Debug|x86.ActiveCfg = Debug|Any CPU
		{966B20A2-4F09-4FDB-A0E1-FBCBE7B5E44D}.Debug|x86.Build.0 = Debug|Any CPU
		{966B20A2-4F09-4FDB-A0E1-FBCBE7B5E44D}.Release|Any CPU.ActiveCfg = Release|Any CPU
		{966B20A2-4F09-4FDB-A0E1-FBCBE7B5E44D}.Release|Any CPU.Build.0 = Release|Any CPU
		{966B20A2-4F09-4FDB-A0E1-FBCBE7B5E44D}.Release|x64.ActiveCfg = Release|Any CPU
		{966B20A2-4F09-4FDB-A0E1-FBCBE7B5E44D}.Release|x64.Build.0 = Release|Any CPU
		{966B20A2-4F09-4FDB-A0E1-FBCBE7B5E44D}.Release|x86.ActiveCfg = Release|Any CPU
		{966B20A2-4F09-4FDB-A0E1-FBCBE7B5E44D}.Release|x86.Build.0 = Release|Any CPU
		{63DD9441-1A2E-437B-988B-BD8BA9D4000F}.Debug|Any CPU.ActiveCfg = Debug|Any CPU
		{63DD9441-1A2E-437B-988B-BD8BA9D4000F}.Debug|Any CPU.Build.0 = Debug|Any CPU
		{63DD9441-1A2E-437B-988B-BD8BA9D4000F}.Debug|x64.ActiveCfg = Debug|Any CPU
		{63DD9441-1A2E-437B-988B-BD8BA9D4000F}.Debug|x64.Build.0 = Debug|Any CPU
		{63DD9441-1A2E-437B-988B-BD8BA9D4000F}.Debug|x86.ActiveCfg = Debug|Any CPU
		{63DD9441-1A2E-437B-988B-BD8BA9D4000F}.Debug|x86.Build.0 = Debug|Any CPU
		{63DD9441-1A2E-437B-988B-BD8BA9D4000F}.Release|Any CPU.ActiveCfg = Release|Any CPU
		{63DD9441-1A2E-437B-988B-BD8BA9D4000F}.Release|Any CPU.Build.0 = Release|Any CPU
		{63DD9441-1A2E-437B-988B-BD8BA9D4000F}.Release|x64.ActiveCfg = Release|Any CPU
		{63DD9441-1A2E-437B-988B-BD8BA9D4000F}.Release|x64.Build.0 = Release|Any CPU
		{63DD9441-1A2E-437B-988B-BD8BA9D4000F}.Release|x86.ActiveCfg = Release|Any CPU
		{63DD9441-1A2E-437B-988B-BD8BA9D4000F}.Release|x86.Build.0 = Release|Any CPU
	EndGlobalSection
	GlobalSection(SolutionProperties) = preSolution
		HideSolutionNode = FALSE
	EndGlobalSection
	GlobalSection(NestedProjects) = preSolution
		{81034408-37C8-1011-444E-4C15C2FADA8E} = {827E0CD3-B72D-47B6-A68D-7590B98EB39B}
		{48B2E3F9-967B-4451-968A-634A9FA19CAD} = {81034408-37C8-1011-444E-4C15C2FADA8E}
		{6493D558-ED9D-4905-9BE8-48B59E772E6E} = {1923812F-9768-4CB9-997E-2F1C73765D84}
		{ABFC216C-102B-4249-B58E-DA6E5860AF30} = {1923812F-9768-4CB9-997E-2F1C73765D84}
		{966B20A2-4F09-4FDB-A0E1-FBCBE7B5E44D} = {0BDAE0D9-556E-4261-A237-F35A22B1AC2E}
		{63DD9441-1A2E-437B-988B-BD8BA9D4000F} = {02EA681E-C7D8-13C7-8484-4AC65E1B71E8}
		{02EA681E-C7D8-13C7-8484-4AC65E1B71E8} = {827E0CD3-B72D-47B6-A68D-7590B98EB39B}
		{4E0DEB99-965C-4136-A2A6-E56D9C78B849} = {827E0CD3-B72D-47B6-A68D-7590B98EB39B}
		{1923812F-9768-4CB9-997E-2F1C73765D84} = {4E0DEB99-965C-4136-A2A6-E56D9C78B849}
		{0BDAE0D9-556E-4261-A237-F35A22B1AC2E} = {4E0DEB99-965C-4136-A2A6-E56D9C78B849}
	EndGlobalSection
	GlobalSection(ExtensibilityGlobals) = postSolution
		SolutionGuid = {DDCBA968-33BA-4E70-A68E-B409E1100F6E}
	EndGlobalSection
EndGlobal
